// !$*UTF8*$!
{
	archiveVersion = 1;
	classes = {
	};
	objectVersion = 46;
	objects = {

/* Begin PBXBuildFile section */
		893B69BC1832F1990071FEF8 /* UIKit.framework in Frameworks */ = {isa = PBXBuildFile; fileRef = B3B8D612BB1852380BDD7BF9 /* UIKit.framework */; };
		893B69BE1832F1A20071FEF8 /* CoreData.framework in Frameworks */ = {isa = PBXBuildFile; fileRef = 893B69BD1832F1A20071FEF8 /* CoreData.framework */; };
		893B69C01832F1A70071FEF8 /* QuartzCore.framework in Frameworks */ = {isa = PBXBuildFile; fileRef = 893B69BF1832F1A70071FEF8 /* QuartzCore.framework */; };
		893B69C21832F1AC0071FEF8 /* AdSupport.framework in Frameworks */ = {isa = PBXBuildFile; fileRef = 893B69C11832F1AC0071FEF8 /* AdSupport.framework */; };
		B3B8D02080F9164A2AA7E327 /* NSString+JF.m in Sources */ = {isa = PBXBuildFile; fileRef = B3B8DF6E475C4D219ABE9450 /* NSString+JF.m */; };
		B3B8D032A5D75E7B56EC70B1 /* NSObject+Shortcuts.m in Sources */ = {isa = PBXBuildFile; fileRef = B3B8DAB5449155597566DABD /* NSObject+Shortcuts.m */; };
		B3B8D07BAEF45C2779C35A34 /* JFDownloadManager.m in Sources */ = {isa = PBXBuildFile; fileRef = B3B8DBD0B6DC199C307B24F2 /* JFDownloadManager.m */; };
		B3B8D0DB6FC1AC13311774EF /* JFObjectMeta.m in Sources */ = {isa = PBXBuildFile; fileRef = B3B8D3D6C2896B682AB2CE7F /* JFObjectMeta.m */; };
		B3B8D1C3C446D0CD4BA10579 /* NSArray+JF.m in Sources */ = {isa = PBXBuildFile; fileRef = B3B8DBE88D9A7038A73E629A /* NSArray+JF.m */; };
		B3B8D2B3B9C60980398E18A5 /* JFObject.m in Sources */ = {isa = PBXBuildFile; fileRef = B3B8DB666E58BAF29FEFE0D9 /* JFObject.m */; };
		B3B8D3F3AA6111B1C53BD1AE /* NSDictionary+JF.m in Sources */ = {isa = PBXBuildFile; fileRef = B3B8D4DC1B00306BB2CD0355 /* NSDictionary+JF.m */; };
		B3B8D560F904AA9D01374B95 /* NSMutableURLRequest+JF.m in Sources */ = {isa = PBXBuildFile; fileRef = B3B8D5C52EE28A507B4E9578 /* NSMutableURLRequest+JF.m */; };
		B3B8D5C0FD708AFE81A914FD /* NSData+Base64.m in Sources */ = {isa = PBXBuildFile; fileRef = B3B8DBAD13506D1E12B03578 /* NSData+Base64.m */; };
		B3B8D64FDB6AE9A7E7636D5D /* JFRESTTemplate.m in Sources */ = {isa = PBXBuildFile; fileRef = B3B8D13437D3CA3DCC18B219 /* JFRESTTemplate.m */; };
		B3B8D66AC698B03449A77C3D /* XCTest.framework in Frameworks */ = {isa = PBXBuildFile; fileRef = B3B8D7352BF9F36398DCA27E /* XCTest.framework */; };
		B3B8D66F2DB00E229C5BE418 /* JFDownload.m in Sources */ = {isa = PBXBuildFile; fileRef = B3B8DCAB7F68514AD6E00975 /* JFDownload.m */; };
		B3B8D6A96FB731F87CEC9DE5 /* InfoPlist.strings in Resources */ = {isa = PBXBuildFile; fileRef = B3B8DF146E01AF73E8EB048A /* InfoPlist.strings */; };
		B3B8D6B45F2D174698AA1FE1 /* Foundation.framework in Frameworks */ = {isa = PBXBuildFile; fileRef = B3B8D25E8684AE5ED5058584 /* Foundation.framework */; };
		B3B8D7F4637A91ED105B508B /* JFrameworkTests.m in Sources */ = {isa = PBXBuildFile; fileRef = B3B8D5955E2F1A6F506A2485 /* JFrameworkTests.m */; };
		B3B8D84F4AEE03868A1B4983 /* JFRESTService.m in Sources */ = {isa = PBXBuildFile; fileRef = B3B8D53C662459B7648DFD2C /* JFRESTService.m */; };
		B3B8D99BE531DE0BA47576DB /* libJFramework.a in Frameworks */ = {isa = PBXBuildFile; fileRef = B3B8DFBE95B7C79878C670AD /* libJFramework.a */; };
		B3B8DB9C2398016939CF0D84 /* JFramework.m in Sources */ = {isa = PBXBuildFile; fileRef = B3B8D8C4FF63E7B7784424A1 /* JFramework.m */; };
		B3B8DC06AD201B4DEB9ACE1A /* JFUtilNetwork.m in Sources */ = {isa = PBXBuildFile; fileRef = B3B8D0566F9882D05007A460 /* JFUtilNetwork.m */; };
		B3B8DC43357B96A4F7EFF1A6 /* Foundation.framework in Frameworks */ = {isa = PBXBuildFile; fileRef = B3B8D25E8684AE5ED5058584 /* Foundation.framework */; };
		B3B8DD7B36951D073E13FB3E /* JFValidator.m in Sources */ = {isa = PBXBuildFile; fileRef = B3B8D514620C65AC2D51F03E /* JFValidator.m */; };
		B3B8DDA42892667561F7FD61 /* UIKit.framework in Frameworks */ = {isa = PBXBuildFile; fileRef = B3B8D612BB1852380BDD7BF9 /* UIKit.framework */; };
		B3B8DF6D71AD3DC165FD3753 /* NSObject+Serialization.m in Sources */ = {isa = PBXBuildFile; fileRef = B3B8D2C4EF1AF15C0D40C10E /* NSObject+Serialization.m */; };
/* End PBXBuildFile section */

/* Begin PBXContainerItemProxy section */
		B3B8DAEDFF5ED47CA3790F63 /* PBXContainerItemProxy */ = {
			isa = PBXContainerItemProxy;
			containerPortal = B3B8D96A16F2E809AFA7E3A6 /* Project object */;
			proxyType = 1;
			remoteGlobalIDString = B3B8DC0BC55A875E7052B3AA;
			remoteInfo = JFramework;
		};
/* End PBXContainerItemProxy section */

/* Begin PBXCopyFilesBuildPhase section */
		B3B8D3ED58B1E8F659F2D20D /* CopyFiles */ = {
			isa = PBXCopyFilesBuildPhase;
			buildActionMask = 2147483647;
			dstPath = "include/$(PRODUCT_NAME)";
			dstSubfolderSpec = 16;
			files = (
			);
			runOnlyForDeploymentPostprocessing = 0;
		};
/* End PBXCopyFilesBuildPhase section */

/* Begin PBXFileReference section */
		893B69BD1832F1A20071FEF8 /* CoreData.framework */ = {isa = PBXFileReference; lastKnownFileType = wrapper.framework; name = CoreData.framework; path = System/Library/Frameworks/CoreData.framework; sourceTree = SDKROOT; };
		893B69BF1832F1A70071FEF8 /* QuartzCore.framework */ = {isa = PBXFileReference; lastKnownFileType = wrapper.framework; name = QuartzCore.framework; path = System/Library/Frameworks/QuartzCore.framework; sourceTree = SDKROOT; };
		893B69C11832F1AC0071FEF8 /* AdSupport.framework */ = {isa = PBXFileReference; lastKnownFileType = wrapper.framework; name = AdSupport.framework; path = System/Library/Frameworks/AdSupport.framework; sourceTree = SDKROOT; };
		B3B8D0566F9882D05007A460 /* JFUtilNetwork.m */ = {isa = PBXFileReference; fileEncoding = 4; lastKnownFileType = sourcecode.c.objc; path = JFUtilNetwork.m; sourceTree = "<group>"; };
		B3B8D071C401544157F8CBF3 /* JFUtilNetwork.h */ = {isa = PBXFileReference; fileEncoding = 4; lastKnownFileType = sourcecode.c.h; path = JFUtilNetwork.h; sourceTree = "<group>"; };
		B3B8D13437D3CA3DCC18B219 /* JFRESTTemplate.m */ = {isa = PBXFileReference; fileEncoding = 4; lastKnownFileType = sourcecode.c.objc; path = JFRESTTemplate.m; sourceTree = "<group>"; };
		B3B8D244C45A09FB2C011619 /* JFUtilNetwork-Prefix.pch */ = {isa = PBXFileReference; fileEncoding = 4; lastKnownFileType = sourcecode.c.h; path = "JFUtilNetwork-Prefix.pch"; sourceTree = "<group>"; };
		B3B8D25E8684AE5ED5058584 /* Foundation.framework */ = {isa = PBXFileReference; lastKnownFileType = wrapper.framework; name = Foundation.framework; path = System/Library/Frameworks/Foundation.framework; sourceTree = SDKROOT; };
		B3B8D2C4EF1AF15C0D40C10E /* NSObject+Serialization.m */ = {isa = PBXFileReference; fileEncoding = 4; lastKnownFileType = sourcecode.c.objc; path = "NSObject+Serialization.m"; sourceTree = "<group>"; };
		B3B8D3D6C2896B682AB2CE7F /* JFObjectMeta.m */ = {isa = PBXFileReference; fileEncoding = 4; lastKnownFileType = sourcecode.c.objc; path = JFObjectMeta.m; sourceTree = "<group>"; };
		B3B8D3DCA7194A1EFAA8302D /* NSMutableURLRequest+JF.h */ = {isa = PBXFileReference; fileEncoding = 4; lastKnownFileType = sourcecode.c.h; path = "NSMutableURLRequest+JF.h"; sourceTree = "<group>"; };
		B3B8D43B1431A3C88D658838 /* NSString+JF.h */ = {isa = PBXFileReference; fileEncoding = 4; lastKnownFileType = sourcecode.c.h; path = "NSString+JF.h"; sourceTree = "<group>"; };
		B3B8D466EB37740526A7413D /* JFDownloadManager.h */ = {isa = PBXFileReference; fileEncoding = 4; lastKnownFileType = sourcecode.c.h; path = JFDownloadManager.h; sourceTree = "<group>"; };
		B3B8D483DA7F47F87AB3DB78 /* Podfile */ = {isa = PBXFileReference; fileEncoding = 4; lastKnownFileType = text; name = Podfile; path = JFramework/Podfile; sourceTree = "<group>"; };
		B3B8D48672CB7332DFE94CE4 /* JFObjectMeta.h */ = {isa = PBXFileReference; fileEncoding = 4; lastKnownFileType = sourcecode.c.h; path = JFObjectMeta.h; sourceTree = "<group>"; };
		B3B8D4DC1B00306BB2CD0355 /* NSDictionary+JF.m */ = {isa = PBXFileReference; fileEncoding = 4; lastKnownFileType = sourcecode.c.objc; path = "NSDictionary+JF.m"; sourceTree = "<group>"; };
		B3B8D514620C65AC2D51F03E /* JFValidator.m */ = {isa = PBXFileReference; fileEncoding = 4; lastKnownFileType = sourcecode.c.objc; path = JFValidator.m; sourceTree = "<group>"; };
		B3B8D533EF1F6A6A398675AA /* NSObject+Serialization.h */ = {isa = PBXFileReference; fileEncoding = 4; lastKnownFileType = sourcecode.c.h; path = "NSObject+Serialization.h"; sourceTree = "<group>"; };
		B3B8D53C662459B7648DFD2C /* JFRESTService.m */ = {isa = PBXFileReference; fileEncoding = 4; lastKnownFileType = sourcecode.c.objc; path = JFRESTService.m; sourceTree = "<group>"; };
		B3B8D56D9E2638998FAFC49C /* JFrameworkTests-Info.plist */ = {isa = PBXFileReference; lastKnownFileType = text.plist.info; path = "JFrameworkTests-Info.plist"; sourceTree = "<group>"; };
		B3B8D5955E2F1A6F506A2485 /* JFrameworkTests.m */ = {isa = PBXFileReference; lastKnownFileType = sourcecode.c.objc; path = JFrameworkTests.m; sourceTree = "<group>"; };
		B3B8D59ED799B66E29691F0C /* JFObject.h */ = {isa = PBXFileReference; fileEncoding = 4; lastKnownFileType = sourcecode.c.h; path = JFObject.h; sourceTree = "<group>"; };
		B3B8D5C52EE28A507B4E9578 /* NSMutableURLRequest+JF.m */ = {isa = PBXFileReference; fileEncoding = 4; lastKnownFileType = sourcecode.c.objc; path = "NSMutableURLRequest+JF.m"; sourceTree = "<group>"; };
		B3B8D612BB1852380BDD7BF9 /* UIKit.framework */ = {isa = PBXFileReference; lastKnownFileType = wrapper.framework; name = UIKit.framework; path = System/Library/Frameworks/UIKit.framework; sourceTree = SDKROOT; };
		B3B8D6E36F711B5EA7C86F99 /* JFramework.podspec */ = {isa = PBXFileReference; lastKnownFileType = file.podspec; path = JFramework.podspec; sourceTree = "<group>"; };
		B3B8D7352BF9F36398DCA27E /* XCTest.framework */ = {isa = PBXFileReference; lastKnownFileType = wrapper.framework; name = XCTest.framework; path = Library/Frameworks/XCTest.framework; sourceTree = DEVELOPER_DIR; };
		B3B8D79973C0F87F0A9618D2 /* JFRESTService.h */ = {isa = PBXFileReference; fileEncoding = 4; lastKnownFileType = sourcecode.c.h; path = JFRESTService.h; sourceTree = "<group>"; };
		B3B8D834FDD7C32328420619 /* NSData+Base64.h */ = {isa = PBXFileReference; fileEncoding = 4; lastKnownFileType = sourcecode.c.h; path = "NSData+Base64.h"; sourceTree = "<group>"; };
		B3B8D89F42D7D85E003632CB /* JFRESTTemplate.h */ = {isa = PBXFileReference; fileEncoding = 4; lastKnownFileType = sourcecode.c.h; path = JFRESTTemplate.h; sourceTree = "<group>"; };
		B3B8D8C4FF63E7B7784424A1 /* JFramework.m */ = {isa = PBXFileReference; fileEncoding = 4; lastKnownFileType = sourcecode.c.objc; path = JFramework.m; sourceTree = "<group>"; };
		B3B8D958EE9205BF08C8801E /* JFramework-Prefix.pch */ = {isa = PBXFileReference; fileEncoding = 4; lastKnownFileType = sourcecode.c.h; path = "JFramework-Prefix.pch"; sourceTree = "<group>"; };
		B3B8DAB5449155597566DABD /* NSObject+Shortcuts.m */ = {isa = PBXFileReference; fileEncoding = 4; lastKnownFileType = sourcecode.c.objc; path = "NSObject+Shortcuts.m"; sourceTree = "<group>"; };
		B3B8DB20774C2ED9250AAE65 /* JFValidator.h */ = {isa = PBXFileReference; fileEncoding = 4; lastKnownFileType = sourcecode.c.h; path = JFValidator.h; sourceTree = "<group>"; };
		B3B8DB666E58BAF29FEFE0D9 /* JFObject.m */ = {isa = PBXFileReference; fileEncoding = 4; lastKnownFileType = sourcecode.c.objc; path = JFObject.m; sourceTree = "<group>"; };
		B3B8DB6963C3CC0ABEE93C3F /* JFramework.h */ = {isa = PBXFileReference; fileEncoding = 4; lastKnownFileType = sourcecode.c.h; path = JFramework.h; sourceTree = "<group>"; };
		B3B8DBAD13506D1E12B03578 /* NSData+Base64.m */ = {isa = PBXFileReference; fileEncoding = 4; lastKnownFileType = sourcecode.c.objc; path = "NSData+Base64.m"; sourceTree = "<group>"; };
		B3B8DBD0B6DC199C307B24F2 /* JFDownloadManager.m */ = {isa = PBXFileReference; fileEncoding = 4; lastKnownFileType = sourcecode.c.objc; path = JFDownloadManager.m; sourceTree = "<group>"; };
		B3B8DBE88D9A7038A73E629A /* NSArray+JF.m */ = {isa = PBXFileReference; fileEncoding = 4; lastKnownFileType = sourcecode.c.objc; path = "NSArray+JF.m"; sourceTree = "<group>"; };
		B3B8DCAB7F68514AD6E00975 /* JFDownload.m */ = {isa = PBXFileReference; fileEncoding = 4; lastKnownFileType = sourcecode.c.objc; path = JFDownload.m; sourceTree = "<group>"; };
		B3B8DCC219A34E8F588F8AB4 /* JFSerializableProtocol.h */ = {isa = PBXFileReference; fileEncoding = 4; lastKnownFileType = sourcecode.c.h; path = JFSerializableProtocol.h; sourceTree = "<group>"; };
		B3B8DD0655EA09BD9598DFF4 /* NSDictionary+JF.h */ = {isa = PBXFileReference; fileEncoding = 4; lastKnownFileType = sourcecode.c.h; path = "NSDictionary+JF.h"; sourceTree = "<group>"; };
		B3B8DD8131D4E7AB1E5708DC /* JFrameworkTests.xctest */ = {isa = PBXFileReference; explicitFileType = wrapper.cfbundle; includeInIndex = 0; path = JFrameworkTests.xctest; sourceTree = BUILT_PRODUCTS_DIR; };
		B3B8DDEF900C8BAD2ECAF7D7 /* NSArray+JF.h */ = {isa = PBXFileReference; fileEncoding = 4; lastKnownFileType = sourcecode.c.h; path = "NSArray+JF.h"; sourceTree = "<group>"; };
		B3B8DE04CAEEB99C3A691CCE /* JFDownload.h */ = {isa = PBXFileReference; fileEncoding = 4; lastKnownFileType = sourcecode.c.h; path = JFDownload.h; sourceTree = "<group>"; };
		B3B8DE0E38C3F23A5EB26955 /* NSObject+Shortcuts.h */ = {isa = PBXFileReference; fileEncoding = 4; lastKnownFileType = sourcecode.c.h; path = "NSObject+Shortcuts.h"; sourceTree = "<group>"; };
		B3B8DF0889984EEEF28611AD /* en */ = {isa = PBXFileReference; lastKnownFileType = text.plist.strings; name = en; path = en.lproj/InfoPlist.strings; sourceTree = "<group>"; };
		B3B8DF6E475C4D219ABE9450 /* NSString+JF.m */ = {isa = PBXFileReference; fileEncoding = 4; lastKnownFileType = sourcecode.c.objc; path = "NSString+JF.m"; sourceTree = "<group>"; };
		B3B8DFBE95B7C79878C670AD /* libJFramework.a */ = {isa = PBXFileReference; explicitFileType = archive.ar; includeInIndex = 0; path = libJFramework.a; sourceTree = BUILT_PRODUCTS_DIR; };
/* End PBXFileReference section */

/* Begin PBXFrameworksBuildPhase section */
		B3B8D6DEE752867F1FC29CFC /* Frameworks */ = {
			isa = PBXFrameworksBuildPhase;
			buildActionMask = 2147483647;
			files = (
				893B69C21832F1AC0071FEF8 /* AdSupport.framework in Frameworks */,
				893B69C01832F1A70071FEF8 /* QuartzCore.framework in Frameworks */,
				893B69BE1832F1A20071FEF8 /* CoreData.framework in Frameworks */,
				893B69BC1832F1990071FEF8 /* UIKit.framework in Frameworks */,
				B3B8DC43357B96A4F7EFF1A6 /* Foundation.framework in Frameworks */,
			);
			runOnlyForDeploymentPostprocessing = 0;
		};
		B3B8D9C339855C4D3E846689 /* Frameworks */ = {
			isa = PBXFrameworksBuildPhase;
			buildActionMask = 2147483647;
			files = (
				B3B8D66AC698B03449A77C3D /* XCTest.framework in Frameworks */,
				B3B8D6B45F2D174698AA1FE1 /* Foundation.framework in Frameworks */,
				B3B8DDA42892667561F7FD61 /* UIKit.framework in Frameworks */,
				B3B8D99BE531DE0BA47576DB /* libJFramework.a in Frameworks */,
			);
			runOnlyForDeploymentPostprocessing = 0;
		};
/* End PBXFrameworksBuildPhase section */

/* Begin PBXGroup section */
		B3B8D04659F121A79795898F /* Supporting Files */ = {
			isa = PBXGroup;
			children = (
				B3B8D56D9E2638998FAFC49C /* JFrameworkTests-Info.plist */,
				B3B8DF146E01AF73E8EB048A /* InfoPlist.strings */,
			);
			name = "Supporting Files";
			sourceTree = "<group>";
		};
		B3B8D15769CA09D88A01278F /* Products */ = {
			isa = PBXGroup;
			children = (
				B3B8DFBE95B7C79878C670AD /* libJFramework.a */,
				B3B8DD8131D4E7AB1E5708DC /* JFrameworkTests.xctest */,
				B3B8D483DA7F47F87AB3DB78 /* Podfile */,
			);
			name = Products;
			sourceTree = "<group>";
		};
		B3B8D194F5A7E5A44F10D064 /* JFrameworkTests */ = {
			isa = PBXGroup;
			children = (
				B3B8D04659F121A79795898F /* Supporting Files */,
				B3B8D5955E2F1A6F506A2485 /* JFrameworkTests.m */,
			);
			path = JFrameworkTests;
			sourceTree = "<group>";
		};
		B3B8D2E5692026CD2AB5062A /* Frameworks */ = {
			isa = PBXGroup;
			children = (
				893B69C11832F1AC0071FEF8 /* AdSupport.framework */,
				893B69BF1832F1A70071FEF8 /* QuartzCore.framework */,
				893B69BD1832F1A20071FEF8 /* CoreData.framework */,
				B3B8D25E8684AE5ED5058584 /* Foundation.framework */,
				B3B8D7352BF9F36398DCA27E /* XCTest.framework */,
				B3B8D612BB1852380BDD7BF9 /* UIKit.framework */,
			);
			name = Frameworks;
			sourceTree = "<group>";
		};
		B3B8D7F77E1C03B4EED547FA /* JFramework */ = {
			isa = PBXGroup;
			children = (
				B3B8DDA8AA3D2F833D6A54CE /* Supporting Files */,
				B3B8D97365DA68BB5647B904 /* Classes */,
			);
			path = JFramework;
			sourceTree = "<group>";
		};
		B3B8D97365DA68BB5647B904 /* Classes */ = {
			isa = PBXGroup;
			children = (
				B3B8DCAB7F68514AD6E00975 /* JFDownload.m */,
				B3B8DBD0B6DC199C307B24F2 /* JFDownloadManager.m */,
				B3B8D5C52EE28A507B4E9578 /* NSMutableURLRequest+JF.m */,
				B3B8DCC219A34E8F588F8AB4 /* JFSerializableProtocol.h */,
				B3B8D466EB37740526A7413D /* JFDownloadManager.h */,
				B3B8D59ED799B66E29691F0C /* JFObject.h */,
				B3B8DAB5449155597566DABD /* NSObject+Shortcuts.m */,
				B3B8D43B1431A3C88D658838 /* NSString+JF.h */,
				B3B8DE0E38C3F23A5EB26955 /* NSObject+Shortcuts.h */,
				B3B8D79973C0F87F0A9618D2 /* JFRESTService.h */,
				B3B8D2C4EF1AF15C0D40C10E /* NSObject+Serialization.m */,
				B3B8D53C662459B7648DFD2C /* JFRESTService.m */,
				B3B8D4DC1B00306BB2CD0355 /* NSDictionary+JF.m */,
				B3B8D0566F9882D05007A460 /* JFUtilNetwork.m */,
				B3B8D89F42D7D85E003632CB /* JFRESTTemplate.h */,
				B3B8DB20774C2ED9250AAE65 /* JFValidator.h */,
				B3B8DB6963C3CC0ABEE93C3F /* JFramework.h */,
				B3B8D3DCA7194A1EFAA8302D /* NSMutableURLRequest+JF.h */,
				B3B8D533EF1F6A6A398675AA /* NSObject+Serialization.h */,
				B3B8DE04CAEEB99C3A691CCE /* JFDownload.h */,
				B3B8D3D6C2896B682AB2CE7F /* JFObjectMeta.m */,
				B3B8DB666E58BAF29FEFE0D9 /* JFObject.m */,
				B3B8DBE88D9A7038A73E629A /* NSArray+JF.m */,
				B3B8DF6E475C4D219ABE9450 /* NSString+JF.m */,
				B3B8D48672CB7332DFE94CE4 /* JFObjectMeta.h */,
				B3B8D13437D3CA3DCC18B219 /* JFRESTTemplate.m */,
				B3B8D514620C65AC2D51F03E /* JFValidator.m */,
				B3B8DDEF900C8BAD2ECAF7D7 /* NSArray+JF.h */,
				B3B8DD0655EA09BD9598DFF4 /* NSDictionary+JF.h */,
				B3B8D8C4FF63E7B7784424A1 /* JFramework.m */,
				B3B8D071C401544157F8CBF3 /* JFUtilNetwork.h */,
				B3B8D244C45A09FB2C011619 /* JFUtilNetwork-Prefix.pch */,
				B3B8D958EE9205BF08C8801E /* JFramework-Prefix.pch */,
				B3B8DBAD13506D1E12B03578 /* NSData+Base64.m */,
				B3B8D834FDD7C32328420619 /* NSData+Base64.h */,
			);
			path = Classes;
			sourceTree = "<group>";
		};
		B3B8DCF1830A6CA0D64EF99A = {
			isa = PBXGroup;
			children = (
				B3B8D15769CA09D88A01278F /* Products */,
				B3B8D2E5692026CD2AB5062A /* Frameworks */,
				B3B8D7F77E1C03B4EED547FA /* JFramework */,
				B3B8D194F5A7E5A44F10D064 /* JFrameworkTests */,
				B3B8D6E36F711B5EA7C86F99 /* JFramework.podspec */,
			);
			sourceTree = "<group>";
		};
		B3B8DDA8AA3D2F833D6A54CE /* Supporting Files */ = {
			isa = PBXGroup;
			children = (
			);
			name = "Supporting Files";
			sourceTree = "<group>";
		};
/* End PBXGroup section */

/* Begin PBXNativeTarget section */
		B3B8D58F1F035BFF6B56CB8F /* JFrameworkTests */ = {
			isa = PBXNativeTarget;
			buildConfigurationList = B3B8D42079BF4FEC898A7692 /* Build configuration list for PBXNativeTarget "JFrameworkTests" */;
			buildPhases = (
				B3B8D0DCF598F13304DCB9DF /* Sources */,
				B3B8D9C339855C4D3E846689 /* Frameworks */,
				B3B8DDA3B4A01709A4D0C9E1 /* Resources */,
			);
			buildRules = (
			);
			dependencies = (
				B3B8D49883E45081E9EB32A0 /* PBXTargetDependency */,
			);
			name = JFrameworkTests;
			productName = JFrameworkTests;
			productReference = B3B8DD8131D4E7AB1E5708DC /* JFrameworkTests.xctest */;
			productType = "com.apple.product-type.bundle.unit-test";
		};
		B3B8DC0BC55A875E7052B3AA /* JFramework */ = {
			isa = PBXNativeTarget;
			buildConfigurationList = B3B8DE79F4FD025A97DC40EB /* Build configuration list for PBXNativeTarget "JFramework" */;
			buildPhases = (
				B3B8DC6AC4F3940EB2F74877 /* Sources */,
				B3B8D6DEE752867F1FC29CFC /* Frameworks */,
				B3B8D3ED58B1E8F659F2D20D /* CopyFiles */,
			);
			buildRules = (
			);
			dependencies = (
			);
			name = JFramework;
			productName = JFramework;
			productReference = B3B8DFBE95B7C79878C670AD /* libJFramework.a */;
			productType = "com.apple.product-type.library.static";
		};
/* End PBXNativeTarget section */

/* Begin PBXProject section */
		B3B8D96A16F2E809AFA7E3A6 /* Project object */ = {
			isa = PBXProject;
			attributes = {
				ORGANIZATIONNAME = "Denis Jajčević";
			};
			buildConfigurationList = B3B8DF27DFC5155B036DA523 /* Build configuration list for PBXProject "JFramework" */;
			compatibilityVersion = "Xcode 3.2";
			developmentRegion = English;
			hasScannedForEncodings = 0;
			knownRegions = (
				en,
			);
			mainGroup = B3B8DCF1830A6CA0D64EF99A;
			productRefGroup = B3B8D15769CA09D88A01278F /* Products */;
			projectDirPath = "";
			projectRoot = "";
			targets = (
				B3B8DC0BC55A875E7052B3AA /* JFramework */,
				B3B8D58F1F035BFF6B56CB8F /* JFrameworkTests */,
			);
		};
/* End PBXProject section */

/* Begin PBXResourcesBuildPhase section */
		B3B8DDA3B4A01709A4D0C9E1 /* Resources */ = {
			isa = PBXResourcesBuildPhase;
			buildActionMask = 2147483647;
			files = (
				B3B8D6A96FB731F87CEC9DE5 /* InfoPlist.strings in Resources */,
			);
			runOnlyForDeploymentPostprocessing = 0;
		};
/* End PBXResourcesBuildPhase section */

/* Begin PBXSourcesBuildPhase section */
		B3B8D0DCF598F13304DCB9DF /* Sources */ = {
			isa = PBXSourcesBuildPhase;
			buildActionMask = 2147483647;
			files = (
				B3B8D7F4637A91ED105B508B /* JFrameworkTests.m in Sources */,
			);
			runOnlyForDeploymentPostprocessing = 0;
		};
		B3B8DC6AC4F3940EB2F74877 /* Sources */ = {
			isa = PBXSourcesBuildPhase;
			buildActionMask = 2147483647;
			files = (
				B3B8D66F2DB00E229C5BE418 /* JFDownload.m in Sources */,
				B3B8D07BAEF45C2779C35A34 /* JFDownloadManager.m in Sources */,
				B3B8D560F904AA9D01374B95 /* NSMutableURLRequest+JF.m in Sources */,
				B3B8D032A5D75E7B56EC70B1 /* NSObject+Shortcuts.m in Sources */,
				B3B8DF6D71AD3DC165FD3753 /* NSObject+Serialization.m in Sources */,
				B3B8D84F4AEE03868A1B4983 /* JFRESTService.m in Sources */,
				B3B8D3F3AA6111B1C53BD1AE /* NSDictionary+JF.m in Sources */,
				B3B8DC06AD201B4DEB9ACE1A /* JFUtilNetwork.m in Sources */,
				B3B8D0DB6FC1AC13311774EF /* JFObjectMeta.m in Sources */,
				B3B8D2B3B9C60980398E18A5 /* JFObject.m in Sources */,
				B3B8D1C3C446D0CD4BA10579 /* NSArray+JF.m in Sources */,
				B3B8D02080F9164A2AA7E327 /* NSString+JF.m in Sources */,
				B3B8D64FDB6AE9A7E7636D5D /* JFRESTTemplate.m in Sources */,
				B3B8DD7B36951D073E13FB3E /* JFValidator.m in Sources */,
				B3B8DB9C2398016939CF0D84 /* JFramework.m in Sources */,
				B3B8D5C0FD708AFE81A914FD /* NSData+Base64.m in Sources */,
			);
			runOnlyForDeploymentPostprocessing = 0;
		};
/* End PBXSourcesBuildPhase section */

/* Begin PBXTargetDependency section */
		B3B8D49883E45081E9EB32A0 /* PBXTargetDependency */ = {
			isa = PBXTargetDependency;
			target = B3B8DC0BC55A875E7052B3AA /* JFramework */;
			targetProxy = B3B8DAEDFF5ED47CA3790F63 /* PBXContainerItemProxy */;
		};
/* End PBXTargetDependency section */

/* Begin PBXVariantGroup section */
		B3B8DF146E01AF73E8EB048A /* InfoPlist.strings */ = {
			isa = PBXVariantGroup;
			children = (
				B3B8DF0889984EEEF28611AD /* en */,
			);
			name = InfoPlist.strings;
			sourceTree = "<group>";
		};
/* End PBXVariantGroup section */

/* Begin XCBuildConfiguration section */
		B3B8D197462D32686D03A386 /* Release */ = {
			isa = XCBuildConfiguration;
			buildSettings = {
				ALWAYS_SEARCH_USER_PATHS = NO;
				ARCHS = "$(ARCHS_STANDARD_INCLUDING_64_BIT)";
				CLANG_CXX_LANGUAGE_STANDARD = "gnu++0x";
				CLANG_CXX_LIBRARY = "libc++";
				CLANG_ENABLE_MODULES = YES;
				CLANG_ENABLE_OBJC_ARC = YES;
				CLANG_WARN_BOOL_CONVERSION = YES;
				CLANG_WARN_CONSTANT_CONVERSION = YES;
				CLANG_WARN_DIRECT_OBJC_ISA_USAGE = YES_ERROR;
				CLANG_WARN_EMPTY_BODY = YES;
				CLANG_WARN_ENUM_CONVERSION = YES;
				CLANG_WARN_INT_CONVERSION = YES;
				CLANG_WARN_OBJC_ROOT_CLASS = YES_ERROR;
				CLANG_WARN__DUPLICATE_METHOD_MATCH = YES;
				COPY_PHASE_STRIP = YES;
				ENABLE_NS_ASSERTIONS = NO;
				GCC_C_LANGUAGE_STANDARD = gnu99;
				GCC_WARN_64_TO_32_BIT_CONVERSION = YES;
				GCC_WARN_ABOUT_RETURN_TYPE = YES_ERROR;
				GCC_WARN_UNDECLARED_SELECTOR = YES;
				GCC_WARN_UNINITIALIZED_AUTOS = YES;
				GCC_WARN_UNUSED_FUNCTION = YES;
				GCC_WARN_UNUSED_VARIABLE = YES;
				IPHONEOS_DEPLOYMENT_TARGET = 6.0;
				SDKROOT = iphoneos;
				VALIDATE_PRODUCT = YES;
			};
			name = Release;
		};
		B3B8D2E75357314C4ED97E3E /* Debug */ = {
			isa = XCBuildConfiguration;
			buildSettings = {
				ALWAYS_SEARCH_USER_PATHS = NO;
				ARCHS = "$(ARCHS_STANDARD_INCLUDING_64_BIT)";
				CLANG_CXX_LANGUAGE_STANDARD = "gnu++0x";
				CLANG_CXX_LIBRARY = "libc++";
				CLANG_ENABLE_MODULES = YES;
				CLANG_ENABLE_OBJC_ARC = YES;
				CLANG_WARN_BOOL_CONVERSION = YES;
				CLANG_WARN_CONSTANT_CONVERSION = YES;
				CLANG_WARN_DIRECT_OBJC_ISA_USAGE = YES_ERROR;
				CLANG_WARN_EMPTY_BODY = YES;
				CLANG_WARN_ENUM_CONVERSION = YES;
				CLANG_WARN_INT_CONVERSION = YES;
				CLANG_WARN_OBJC_ROOT_CLASS = YES_ERROR;
				CLANG_WARN__DUPLICATE_METHOD_MATCH = YES;
				COPY_PHASE_STRIP = NO;
				GCC_C_LANGUAGE_STANDARD = gnu99;
				GCC_DYNAMIC_NO_PIC = NO;
				GCC_OPTIMIZATION_LEVEL = 0;
				GCC_PREPROCESSOR_DEFINITIONS = (
					"DEBUG=1",
					"$(inherited)",
				);
				GCC_SYMBOLS_PRIVATE_EXTERN = NO;
				GCC_WARN_64_TO_32_BIT_CONVERSION = YES;
				GCC_WARN_ABOUT_RETURN_TYPE = YES_ERROR;
				GCC_WARN_UNDECLARED_SELECTOR = YES;
				GCC_WARN_UNINITIALIZED_AUTOS = YES;
				GCC_WARN_UNUSED_FUNCTION = YES;
				GCC_WARN_UNUSED_VARIABLE = YES;
				IPHONEOS_DEPLOYMENT_TARGET = 6.0;
				ONLY_ACTIVE_ARCH = YES;
				SDKROOT = iphoneos;
			};
			name = Debug;
		};
		B3B8D86FEC01F6D4DF2C2FDB /* Debug */ = {
			isa = XCBuildConfiguration;
			buildSettings = {
				DSTROOT = /tmp/JFramework.dst;
				GCC_PRECOMPILE_PREFIX_HEADER = YES;
				GCC_PREFIX_HEADER = "JFramework/JFramework-Prefix.pch";
				OTHER_LDFLAGS = "-ObjC";
				PRODUCT_NAME = "$(TARGET_NAME)";
				SKIP_INSTALL = YES;
			};
			name = Debug;
		};
		B3B8DAE2D63AB0CA087FF3A2 /* Release */ = {
			isa = XCBuildConfiguration;
			buildSettings = {
				DSTROOT = /tmp/JFramework.dst;
				GCC_PRECOMPILE_PREFIX_HEADER = YES;
				GCC_PREFIX_HEADER = "JFramework/JFramework-Prefix.pch";
				OTHER_LDFLAGS = "-ObjC";
				PRODUCT_NAME = "$(TARGET_NAME)";
				SKIP_INSTALL = YES;
			};
			name = Release;
		};
		B3B8DC23E21C8E749711663F /* Release */ = {
			isa = XCBuildConfiguration;
			buildSettings = {
				FRAMEWORK_SEARCH_PATHS = (
					"$(SDKROOT)/Developer/Library/Frameworks",
					"$(inherited)",
				);
				GCC_PRECOMPILE_PREFIX_HEADER = YES;
				GCC_PREFIX_HEADER = "JFramework/JFramework-Prefix.pch";
				INFOPLIST_FILE = "JFrameworkTests/JFrameworkTests-Info.plist";
				PRODUCT_NAME = "$(TARGET_NAME)";
				WRAPPER_EXTENSION = xctest;
			};
			name = Release;
		};
		B3B8DF0F7ECC8A74D75BEE1C /* Debug */ = {
			isa = XCBuildConfiguration;
			buildSettings = {
				FRAMEWORK_SEARCH_PATHS = (
					"$(SDKROOT)/Developer/Library/Frameworks",
					"$(inherited)",
				);
				GCC_PRECOMPILE_PREFIX_HEADER = YES;
				GCC_PREFIX_HEADER = "JFramework/JFramework-Prefix.pch";
				INFOPLIST_FILE = "JFrameworkTests/JFrameworkTests-Info.plist";
				PRODUCT_NAME = "$(TARGET_NAME)";
				WRAPPER_EXTENSION = xctest;
			};
			name = Debug;
		};
/* End XCBuildConfiguration section */

/* Begin XCConfigurationList section */
		B3B8D42079BF4FEC898A7692 /* Build configuration list for PBXNativeTarget "JFrameworkTests" */ = {
			isa = XCConfigurationList;
			buildConfigurations = (
				B3B8DC23E21C8E749711663F /* Release */,
				B3B8DF0F7ECC8A74D75BEE1C /* Debug */,
			);
			defaultConfigurationIsVisible = 0;
			defaultConfigurationName = Release;
		};
		B3B8DE79F4FD025A97DC40EB /* Build configuration list for PBXNativeTarget "JFramework" */ = {
			isa = XCConfigurationList;
			buildConfigurations = (
				B3B8DAE2D63AB0CA087FF3A2 /* Release */,
				B3B8D86FEC01F6D4DF2C2FDB /* Debug */,
			);
			defaultConfigurationIsVisible = 0;
			defaultConfigurationName = Release;
		};
		B3B8DF27DFC5155B036DA523 /* Build configuration list for PBXProject "JFramework" */ = {
			isa = XCConfigurationList;
			buildConfigurations = (
				B3B8D197462D32686D03A386 /* Release */,
				B3B8D2E75357314C4ED97E3E /* Debug */,
			);
			defaultConfigurationIsVisible = 0;
			defaultConfigurationName = Release;
		};
/* End XCConfigurationList section */
	};
	rootObject = B3B8D96A16F2E809AFA7E3A6 /* Project object */;
}
